
Microsoft Visual Studio Solution File, Format Version 12.00
# Visual Studio Version 16
VisualStudioVersion = 16.0.32630.194
MinimumVisualStudioVersion = 10.0.40219.1
Project("{FAE04EC0-301F-11D3-BF4B-00C04F79EFBC}") = "HackrerrankHarf", "HackrerrankHarf\HackrerrankHarf.csproj", "{51D45325-C183-4A56-A15D-798027D4891A}"
EndProject
Global
	GlobalSection(SolutionConfigurationPlatforms) = preSolution
		Debug|Any CPU = Debug|Any CPU
		Release|Any CPU = Release|Any CPU
	EndGlobalSection
	GlobalSection(ProjectConfigurationPlatforms) = postSolution
		{51D45325-C183-4A56-A15D-798027D4891A}.Debug|Any CPU.ActiveCfg = Debug|Any CPU
		{51D45325-C183-4A56-A15D-798027D4891A}.Debug|Any CPU.Build.0 = Debug|Any CPU
		{51D45325-C183-4A56-A15D-798027D4891A}.Release|Any CPU.ActiveCfg = Release|Any CPU
		{51D45325-C183-4A56-A15D-798027D4891A}.Release|Any CPU.Build.0 = Release|Any CPU
	EndGlobalSection
	GlobalSection(SolutionProperties) = preSolution
		HideSolutionNode = FALSE
	EndGlobalSection
	GlobalSection(ExtensibilityGlobals) = postSolution
		SolutionGuid = {7E1E8424-FE5C-4AF3-AE3C-0802BE99CC56}
	EndGlobalSection
EndGlobal
