
Microsoft Visual Studio Solution File, Format Version 12.00
# Visual Studio Version 16
VisualStudioVersion = 16.0.33529.622
MinimumVisualStudioVersion = 10.0.40219.1
Project("{FAE04EC0-301F-11D3-BF4B-00C04F79EFBC}") = "FirstLetterToAppearTwince", "FirstLetterToAppearTwince\FirstLetterToAppearTwince.csproj", "{59E06997-DB1B-421F-8C9D-E2EB76ED653F}"
EndProject
Global
	GlobalSection(SolutionConfigurationPlatforms) = preSolution
		Debug|Any CPU = Debug|Any CPU
		Release|Any CPU = Release|Any CPU
	EndGlobalSection
	GlobalSection(ProjectConfigurationPlatforms) = postSolution
		{59E06997-DB1B-421F-8C9D-E2EB76ED653F}.Debug|Any CPU.ActiveCfg = Debug|Any CPU
		{59E06997-DB1B-421F-8C9D-E2EB76ED653F}.Debug|Any CPU.Build.0 = Debug|Any CPU
		{59E06997-DB1B-421F-8C9D-E2EB76ED653F}.Release|Any CPU.ActiveCfg = Release|Any CPU
		{59E06997-DB1B-421F-8C9D-E2EB76ED653F}.Release|Any CPU.Build.0 = Release|Any CPU
	EndGlobalSection
	GlobalSection(SolutionProperties) = preSolution
		HideSolutionNode = FALSE
	EndGlobalSection
	GlobalSection(ExtensibilityGlobals) = postSolution
		SolutionGuid = {3927E632-C2D1-4232-9BC4-F043805A1620}
	EndGlobalSection
EndGlobal
