
Microsoft Visual Studio Solution File, Format Version 12.00
# Visual Studio Version 16
VisualStudioVersion = 16.0.32630.194
MinimumVisualStudioVersion = 10.0.40219.1
Project("{FAE04EC0-301F-11D3-BF4B-00C04F79EFBC}") = "KaraselSayi", "KaraselSayi\KaraselSayi.csproj", "{BEF5C577-C92F-4829-9E12-B6805EBA92EB}"
EndProject
Global
	GlobalSection(SolutionConfigurationPlatforms) = preSolution
		Debug|Any CPU = Debug|Any CPU
		Release|Any CPU = Release|Any CPU
	EndGlobalSection
	GlobalSection(ProjectConfigurationPlatforms) = postSolution
		{BEF5C577-C92F-4829-9E12-B6805EBA92EB}.Debug|Any CPU.ActiveCfg = Debug|Any CPU
		{BEF5C577-C92F-4829-9E12-B6805EBA92EB}.Debug|Any CPU.Build.0 = Debug|Any CPU
		{BEF5C577-C92F-4829-9E12-B6805EBA92EB}.Release|Any CPU.ActiveCfg = Release|Any CPU
		{BEF5C577-C92F-4829-9E12-B6805EBA92EB}.Release|Any CPU.Build.0 = Release|Any CPU
	EndGlobalSection
	GlobalSection(SolutionProperties) = preSolution
		HideSolutionNode = FALSE
	EndGlobalSection
	GlobalSection(ExtensibilityGlobals) = postSolution
		SolutionGuid = {4CE280DF-0793-4CF5-B4AD-870F5C511632}
	EndGlobalSection
EndGlobal
