
Microsoft Visual Studio Solution File, Format Version 12.00
# Visual Studio Version 16
VisualStudioVersion = 16.0.32630.194
MinimumVisualStudioVersion = 10.0.40219.1
Project("{FAE04EC0-301F-11D3-BF4B-00C04F79EFBC}") = "ListeToplamVeBolüm", "ListeToplamVeBolüm\ListeToplamVeBolüm.csproj", "{BE258D8C-BBC7-4399-BDAF-242569A9D275}"
EndProject
Global
	GlobalSection(SolutionConfigurationPlatforms) = preSolution
		Debug|Any CPU = Debug|Any CPU
		Release|Any CPU = Release|Any CPU
	EndGlobalSection
	GlobalSection(ProjectConfigurationPlatforms) = postSolution
		{BE258D8C-BBC7-4399-BDAF-242569A9D275}.Debug|Any CPU.ActiveCfg = Debug|Any CPU
		{BE258D8C-BBC7-4399-BDAF-242569A9D275}.Debug|Any CPU.Build.0 = Debug|Any CPU
		{BE258D8C-BBC7-4399-BDAF-242569A9D275}.Release|Any CPU.ActiveCfg = Release|Any CPU
		{BE258D8C-BBC7-4399-BDAF-242569A9D275}.Release|Any CPU.Build.0 = Release|Any CPU
	EndGlobalSection
	GlobalSection(SolutionProperties) = preSolution
		HideSolutionNode = FALSE
	EndGlobalSection
	GlobalSection(ExtensibilityGlobals) = postSolution
		SolutionGuid = {7B164422-6BB3-4176-AA72-818CEB4B4D81}
	EndGlobalSection
EndGlobal
