
Microsoft Visual Studio Solution File, Format Version 12.00
# Visual Studio Version 16
VisualStudioVersion = 16.0.33027.164
MinimumVisualStudioVersion = 10.0.40219.1
Project("{FAE04EC0-301F-11D3-BF4B-00C04F79EFBC}") = "HighestScoringWord", "HighestScoringWord\HighestScoringWord.csproj", "{79362ED5-13CB-4EF1-BB2E-2FD3F07C9013}"
EndProject
Global
	GlobalSection(SolutionConfigurationPlatforms) = preSolution
		Debug|Any CPU = Debug|Any CPU
		Release|Any CPU = Release|Any CPU
	EndGlobalSection
	GlobalSection(ProjectConfigurationPlatforms) = postSolution
		{79362ED5-13CB-4EF1-BB2E-2FD3F07C9013}.Debug|Any CPU.ActiveCfg = Debug|Any CPU
		{79362ED5-13CB-4EF1-BB2E-2FD3F07C9013}.Debug|Any CPU.Build.0 = Debug|Any CPU
		{79362ED5-13CB-4EF1-BB2E-2FD3F07C9013}.Release|Any CPU.ActiveCfg = Release|Any CPU
		{79362ED5-13CB-4EF1-BB2E-2FD3F07C9013}.Release|Any CPU.Build.0 = Release|Any CPU
	EndGlobalSection
	GlobalSection(SolutionProperties) = preSolution
		HideSolutionNode = FALSE
	EndGlobalSection
	GlobalSection(ExtensibilityGlobals) = postSolution
		SolutionGuid = {E5739BB1-D758-4600-BAF1-03878934BABB}
	EndGlobalSection
EndGlobal
