
Microsoft Visual Studio Solution File, Format Version 12.00
# Visual Studio Version 16
VisualStudioVersion = 16.0.33529.622
MinimumVisualStudioVersion = 10.0.40219.1
Project("{FAE04EC0-301F-11D3-BF4B-00C04F79EFBC}") = "SortColors", "SortColors\SortColors.csproj", "{730B7061-6B42-4E7A-BEEE-93B650B2F485}"
EndProject
Global
	GlobalSection(SolutionConfigurationPlatforms) = preSolution
		Debug|Any CPU = Debug|Any CPU
		Release|Any CPU = Release|Any CPU
	EndGlobalSection
	GlobalSection(ProjectConfigurationPlatforms) = postSolution
		{730B7061-6B42-4E7A-BEEE-93B650B2F485}.Debug|Any CPU.ActiveCfg = Debug|Any CPU
		{730B7061-6B42-4E7A-BEEE-93B650B2F485}.Debug|Any CPU.Build.0 = Debug|Any CPU
		{730B7061-6B42-4E7A-BEEE-93B650B2F485}.Release|Any CPU.ActiveCfg = Release|Any CPU
		{730B7061-6B42-4E7A-BEEE-93B650B2F485}.Release|Any CPU.Build.0 = Release|Any CPU
	EndGlobalSection
	GlobalSection(SolutionProperties) = preSolution
		HideSolutionNode = FALSE
	EndGlobalSection
	GlobalSection(ExtensibilityGlobals) = postSolution
		SolutionGuid = {C5B3D17A-EF66-445D-8858-FEAECEF63809}
	EndGlobalSection
EndGlobal
